# This file is automatically @generated by Cargo.
# It is not intended for manual editing.
version = 4

[[package]]
name = "aggregator"
version = "0.1.0"

[[package]]
name = "daq-logger"
version = "0.1.0"

[[package]]
name = "notifier"
version = "0.1.0"

[[package]]
name = "service_a"
version = "0.1.0"
